
Microsoft Visual Studio Solution File, Format Version 12.00
# Visual Studio 2012
Project("{FAE04EC0-301F-11D3-BF4B-00C04F79EFBC}") = "GomLib", "GomLib\GomLib.csproj", "{A147D4D8-1EA1-4BDA-A388-AB843B037307}"
EndProject
Project("{FAE04EC0-301F-11D3-BF4B-00C04F79EFBC}") = "TorLib", "TorArchive\TorLib.csproj", "{F59DF2F2-4E69-41E5-B63B-6D4ABF2CA6E1}"
EndProject
Project("{FAE04EC0-301F-11D3-BF4B-00C04F79EFBC}") = "PugTools", "PugTools\PugTools.csproj", "{C6399BF7-80CB-4A2E-8A84-3751A5E6E674}"
EndProject
Project("{FAE04EC0-301F-11D3-BF4B-00C04F79EFBC}") = "DevILNet", "DevILNet\DevILNet.csproj", "{578FD0D9-41AA-4FA4-8D9B-4021978FA48D}"
EndProject
Project("{FAE04EC0-301F-11D3-BF4B-00C04F79EFBC}") = "SlimDX_Framework", "SlimDX_Framework\SlimDX_Framework.csproj", "{41ACBEF1-B159-4C49-A0F9-A07911617B52}"
EndProject
Project("{FAE04EC0-301F-11D3-BF4B-00C04F79EFBC}") = "TreeViewFast", "TreeViewFast\TreeViewFast.csproj", "{4EF6274C-0157-40A3-ABCA-A30DD0EC49EC}"
EndProject
Project("{FAE04EC0-301F-11D3-BF4B-00C04F79EFBC}") = "ObjectListView2012", "ObjectListView\ObjectListView2012.csproj", "{18FEDA0C-D147-4286-B39A-01204808106A}"
EndProject
Project("{FAE04EC0-301F-11D3-BF4B-00C04F79EFBC}") = "Be.Windows.Forms.HexBox", "Be.Windows.Forms.HexBox\Be.Windows.Forms.HexBox.csproj", "{26C5F25F-B450-4CAF-AD8B-B8D11AE73457}"
EndProject
Global
	GlobalSection(SolutionConfigurationPlatforms) = preSolution
		Debug|Any CPU = Debug|Any CPU
		Debug|Mixed Platforms = Debug|Mixed Platforms
		Debug|x64 = Debug|x64
		Debug|x86 = Debug|x86
		Release|Any CPU = Release|Any CPU
		Release|Mixed Platforms = Release|Mixed Platforms
		Release|x64 = Release|x64
		Release|x86 = Release|x86
		voronoi|Any CPU = voronoi|Any CPU
		voronoi|Mixed Platforms = voronoi|Mixed Platforms
		voronoi|x64 = voronoi|x64
		voronoi|x86 = voronoi|x86
	EndGlobalSection
	GlobalSection(ProjectConfigurationPlatforms) = postSolution
		{A147D4D8-1EA1-4BDA-A388-AB843B037307}.Debug|Any CPU.ActiveCfg = Debug|x64
		{A147D4D8-1EA1-4BDA-A388-AB843B037307}.Debug|Any CPU.Build.0 = Debug|x64
		{A147D4D8-1EA1-4BDA-A388-AB843B037307}.Debug|Mixed Platforms.ActiveCfg = Debug|x64
		{A147D4D8-1EA1-4BDA-A388-AB843B037307}.Debug|Mixed Platforms.Build.0 = Debug|x64
		{A147D4D8-1EA1-4BDA-A388-AB843B037307}.Debug|x64.ActiveCfg = Debug|x64
		{A147D4D8-1EA1-4BDA-A388-AB843B037307}.Debug|x64.Build.0 = Debug|x64
		{A147D4D8-1EA1-4BDA-A388-AB843B037307}.Debug|x86.ActiveCfg = Debug|Any CPU
		{A147D4D8-1EA1-4BDA-A388-AB843B037307}.Debug|x86.Build.0 = Debug|Any CPU
		{A147D4D8-1EA1-4BDA-A388-AB843B037307}.Release|Any CPU.ActiveCfg = Release|x64
		{A147D4D8-1EA1-4BDA-A388-AB843B037307}.Release|Any CPU.Build.0 = Release|x64
		{A147D4D8-1EA1-4BDA-A388-AB843B037307}.Release|Mixed Platforms.ActiveCfg = Release|Any CPU
		{A147D4D8-1EA1-4BDA-A388-AB843B037307}.Release|Mixed Platforms.Build.0 = Release|Any CPU
		{A147D4D8-1EA1-4BDA-A388-AB843B037307}.Release|x64.ActiveCfg = Release|x64
		{A147D4D8-1EA1-4BDA-A388-AB843B037307}.Release|x86.ActiveCfg = Release|Any CPU
		{A147D4D8-1EA1-4BDA-A388-AB843B037307}.Release|x86.Build.0 = Release|Any CPU
		{A147D4D8-1EA1-4BDA-A388-AB843B037307}.voronoi|Any CPU.ActiveCfg = Release|Any CPU
		{A147D4D8-1EA1-4BDA-A388-AB843B037307}.voronoi|Any CPU.Build.0 = Release|Any CPU
		{A147D4D8-1EA1-4BDA-A388-AB843B037307}.voronoi|Mixed Platforms.ActiveCfg = Release|Any CPU
		{A147D4D8-1EA1-4BDA-A388-AB843B037307}.voronoi|Mixed Platforms.Build.0 = Release|Any CPU
		{A147D4D8-1EA1-4BDA-A388-AB843B037307}.voronoi|x64.ActiveCfg = Release|x64
		{A147D4D8-1EA1-4BDA-A388-AB843B037307}.voronoi|x64.Build.0 = Release|x64
		{A147D4D8-1EA1-4BDA-A388-AB843B037307}.voronoi|x86.ActiveCfg = Release|Any CPU
		{F59DF2F2-4E69-41E5-B63B-6D4ABF2CA6E1}.Debug|Any CPU.ActiveCfg = Debug|x64
		{F59DF2F2-4E69-41E5-B63B-6D4ABF2CA6E1}.Debug|Any CPU.Build.0 = Debug|x64
		{F59DF2F2-4E69-41E5-B63B-6D4ABF2CA6E1}.Debug|Mixed Platforms.ActiveCfg = Debug|x64
		{F59DF2F2-4E69-41E5-B63B-6D4ABF2CA6E1}.Debug|Mixed Platforms.Build.0 = Debug|x64
		{F59DF2F2-4E69-41E5-B63B-6D4ABF2CA6E1}.Debug|x64.ActiveCfg = Debug|x64
		{F59DF2F2-4E69-41E5-B63B-6D4ABF2CA6E1}.Debug|x64.Build.0 = Debug|x64
		{F59DF2F2-4E69-41E5-B63B-6D4ABF2CA6E1}.Debug|x86.ActiveCfg = Debug|Any CPU
		{F59DF2F2-4E69-41E5-B63B-6D4ABF2CA6E1}.Debug|x86.Build.0 = Debug|Any CPU
		{F59DF2F2-4E69-41E5-B63B-6D4ABF2CA6E1}.Release|Any CPU.ActiveCfg = Release|x64
		{F59DF2F2-4E69-41E5-B63B-6D4ABF2CA6E1}.Release|Any CPU.Build.0 = Release|x64
		{F59DF2F2-4E69-41E5-B63B-6D4ABF2CA6E1}.Release|Mixed Platforms.ActiveCfg = Release|Any CPU
		{F59DF2F2-4E69-41E5-B63B-6D4ABF2CA6E1}.Release|Mixed Platforms.Build.0 = Release|Any CPU
		{F59DF2F2-4E69-41E5-B63B-6D4ABF2CA6E1}.Release|x64.ActiveCfg = Release|x64
		{F59DF2F2-4E69-41E5-B63B-6D4ABF2CA6E1}.Release|x86.ActiveCfg = Release|Any CPU
		{F59DF2F2-4E69-41E5-B63B-6D4ABF2CA6E1}.Release|x86.Build.0 = Release|Any CPU
		{F59DF2F2-4E69-41E5-B63B-6D4ABF2CA6E1}.voronoi|Any CPU.ActiveCfg = Release|Any CPU
		{F59DF2F2-4E69-41E5-B63B-6D4ABF2CA6E1}.voronoi|Any CPU.Build.0 = Release|Any CPU
		{F59DF2F2-4E69-41E5-B63B-6D4ABF2CA6E1}.voronoi|Mixed Platforms.ActiveCfg = Release|Any CPU
		{F59DF2F2-4E69-41E5-B63B-6D4ABF2CA6E1}.voronoi|Mixed Platforms.Build.0 = Release|Any CPU
		{F59DF2F2-4E69-41E5-B63B-6D4ABF2CA6E1}.voronoi|x64.ActiveCfg = Release|x64
		{F59DF2F2-4E69-41E5-B63B-6D4ABF2CA6E1}.voronoi|x64.Build.0 = Release|x64
		{F59DF2F2-4E69-41E5-B63B-6D4ABF2CA6E1}.voronoi|x86.ActiveCfg = Release|Any CPU
		{C6399BF7-80CB-4A2E-8A84-3751A5E6E674}.Debug|Any CPU.ActiveCfg = Debug|x64
		{C6399BF7-80CB-4A2E-8A84-3751A5E6E674}.Debug|Any CPU.Build.0 = Debug|x64
		{C6399BF7-80CB-4A2E-8A84-3751A5E6E674}.Debug|Mixed Platforms.ActiveCfg = Debug|x64
		{C6399BF7-80CB-4A2E-8A84-3751A5E6E674}.Debug|Mixed Platforms.Build.0 = Debug|x64
		{C6399BF7-80CB-4A2E-8A84-3751A5E6E674}.Debug|x64.ActiveCfg = Debug|x64
		{C6399BF7-80CB-4A2E-8A84-3751A5E6E674}.Debug|x64.Build.0 = Debug|x64
		{C6399BF7-80CB-4A2E-8A84-3751A5E6E674}.Debug|x86.ActiveCfg = Debug|x86
		{C6399BF7-80CB-4A2E-8A84-3751A5E6E674}.Debug|x86.Build.0 = Debug|x86
		{C6399BF7-80CB-4A2E-8A84-3751A5E6E674}.Release|Any CPU.ActiveCfg = Release|x64
		{C6399BF7-80CB-4A2E-8A84-3751A5E6E674}.Release|Any CPU.Build.0 = Release|x64
		{C6399BF7-80CB-4A2E-8A84-3751A5E6E674}.Release|Mixed Platforms.ActiveCfg = Release|x86
		{C6399BF7-80CB-4A2E-8A84-3751A5E6E674}.Release|Mixed Platforms.Build.0 = Release|x86
		{C6399BF7-80CB-4A2E-8A84-3751A5E6E674}.Release|x64.ActiveCfg = Release|x64
		{C6399BF7-80CB-4A2E-8A84-3751A5E6E674}.Release|x64.Build.0 = Release|x64
		{C6399BF7-80CB-4A2E-8A84-3751A5E6E674}.Release|x86.ActiveCfg = Release|x86
		{C6399BF7-80CB-4A2E-8A84-3751A5E6E674}.Release|x86.Build.0 = Release|x86
		{C6399BF7-80CB-4A2E-8A84-3751A5E6E674}.voronoi|Any CPU.ActiveCfg = Release|x86
		{C6399BF7-80CB-4A2E-8A84-3751A5E6E674}.voronoi|Mixed Platforms.ActiveCfg = Release|x86
		{C6399BF7-80CB-4A2E-8A84-3751A5E6E674}.voronoi|Mixed Platforms.Build.0 = Release|x86
		{C6399BF7-80CB-4A2E-8A84-3751A5E6E674}.voronoi|x64.ActiveCfg = Release|x64
		{C6399BF7-80CB-4A2E-8A84-3751A5E6E674}.voronoi|x64.Build.0 = Release|x64
		{C6399BF7-80CB-4A2E-8A84-3751A5E6E674}.voronoi|x86.ActiveCfg = Release|x86
		{C6399BF7-80CB-4A2E-8A84-3751A5E6E674}.voronoi|x86.Build.0 = Release|x86
		{578FD0D9-41AA-4FA4-8D9B-4021978FA48D}.Debug|Any CPU.ActiveCfg = Debug|x64
		{578FD0D9-41AA-4FA4-8D9B-4021978FA48D}.Debug|Any CPU.Build.0 = Debug|x64
		{578FD0D9-41AA-4FA4-8D9B-4021978FA48D}.Debug|Mixed Platforms.ActiveCfg = Debug|x86
		{578FD0D9-41AA-4FA4-8D9B-4021978FA48D}.Debug|Mixed Platforms.Build.0 = Debug|x86
		{578FD0D9-41AA-4FA4-8D9B-4021978FA48D}.Debug|x64.ActiveCfg = Debug|x64
		{578FD0D9-41AA-4FA4-8D9B-4021978FA48D}.Debug|x64.Build.0 = Debug|x64
		{578FD0D9-41AA-4FA4-8D9B-4021978FA48D}.Debug|x86.ActiveCfg = Debug|x86
		{578FD0D9-41AA-4FA4-8D9B-4021978FA48D}.Debug|x86.Build.0 = Debug|x86
		{578FD0D9-41AA-4FA4-8D9B-4021978FA48D}.Release|Any CPU.ActiveCfg = Release|x64
		{578FD0D9-41AA-4FA4-8D9B-4021978FA48D}.Release|Any CPU.Build.0 = Release|x64
		{578FD0D9-41AA-4FA4-8D9B-4021978FA48D}.Release|Any CPU.Deploy.0 = Release|x64
		{578FD0D9-41AA-4FA4-8D9B-4021978FA48D}.Release|Mixed Platforms.ActiveCfg = Release|x86
		{578FD0D9-41AA-4FA4-8D9B-4021978FA48D}.Release|Mixed Platforms.Build.0 = Release|x86
		{578FD0D9-41AA-4FA4-8D9B-4021978FA48D}.Release|x64.ActiveCfg = Release|x64
		{578FD0D9-41AA-4FA4-8D9B-4021978FA48D}.Release|x64.Build.0 = Release|x64
		{578FD0D9-41AA-4FA4-8D9B-4021978FA48D}.Release|x86.ActiveCfg = Release|x86
		{578FD0D9-41AA-4FA4-8D9B-4021978FA48D}.Release|x86.Build.0 = Release|x86
		{578FD0D9-41AA-4FA4-8D9B-4021978FA48D}.voronoi|Any CPU.ActiveCfg = Release|x86
		{578FD0D9-41AA-4FA4-8D9B-4021978FA48D}.voronoi|Mixed Platforms.ActiveCfg = Release|x86
		{578FD0D9-41AA-4FA4-8D9B-4021978FA48D}.voronoi|Mixed Platforms.Build.0 = Release|x86
		{578FD0D9-41AA-4FA4-8D9B-4021978FA48D}.voronoi|x64.ActiveCfg = Release|x64
		{578FD0D9-41AA-4FA4-8D9B-4021978FA48D}.voronoi|x64.Build.0 = Release|x64
		{578FD0D9-41AA-4FA4-8D9B-4021978FA48D}.voronoi|x86.ActiveCfg = Release|x86
		{578FD0D9-41AA-4FA4-8D9B-4021978FA48D}.voronoi|x86.Build.0 = Release|x86
		{41ACBEF1-B159-4C49-A0F9-A07911617B52}.Debug|Any CPU.ActiveCfg = Debug|Any CPU
		{41ACBEF1-B159-4C49-A0F9-A07911617B52}.Debug|Any CPU.Build.0 = Debug|Any CPU
		{41ACBEF1-B159-4C49-A0F9-A07911617B52}.Debug|Mixed Platforms.ActiveCfg = Debug|Any CPU
		{41ACBEF1-B159-4C49-A0F9-A07911617B52}.Debug|Mixed Platforms.Build.0 = Debug|Any CPU
		{41ACBEF1-B159-4C49-A0F9-A07911617B52}.Debug|x64.ActiveCfg = Debug|Any CPU
		{41ACBEF1-B159-4C49-A0F9-A07911617B52}.Debug|x86.ActiveCfg = Debug|Any CPU
		{41ACBEF1-B159-4C49-A0F9-A07911617B52}.Release|Any CPU.ActiveCfg = Release|Any CPU
		{41ACBEF1-B159-4C49-A0F9-A07911617B52}.Release|Any CPU.Build.0 = Release|Any CPU
		{41ACBEF1-B159-4C49-A0F9-A07911617B52}.Release|Mixed Platforms.ActiveCfg = Release|Any CPU
		{41ACBEF1-B159-4C49-A0F9-A07911617B52}.Release|Mixed Platforms.Build.0 = Release|Any CPU
		{41ACBEF1-B159-4C49-A0F9-A07911617B52}.Release|x64.ActiveCfg = Release|Any CPU
		{41ACBEF1-B159-4C49-A0F9-A07911617B52}.Release|x86.ActiveCfg = Release|Any CPU
		{41ACBEF1-B159-4C49-A0F9-A07911617B52}.voronoi|Any CPU.ActiveCfg = voronoi|Any CPU
		{41ACBEF1-B159-4C49-A0F9-A07911617B52}.voronoi|Any CPU.Build.0 = voronoi|Any CPU
		{41ACBEF1-B159-4C49-A0F9-A07911617B52}.voronoi|Mixed Platforms.ActiveCfg = voronoi|Any CPU
		{41ACBEF1-B159-4C49-A0F9-A07911617B52}.voronoi|Mixed Platforms.Build.0 = voronoi|Any CPU
		{41ACBEF1-B159-4C49-A0F9-A07911617B52}.voronoi|x64.ActiveCfg = voronoi|Any CPU
		{41ACBEF1-B159-4C49-A0F9-A07911617B52}.voronoi|x86.ActiveCfg = voronoi|Any CPU
		{4EF6274C-0157-40A3-ABCA-A30DD0EC49EC}.Debug|Any CPU.ActiveCfg = Debug|Any CPU
		{4EF6274C-0157-40A3-ABCA-A30DD0EC49EC}.Debug|Any CPU.Build.0 = Debug|Any CPU
		{4EF6274C-0157-40A3-ABCA-A30DD0EC49EC}.Debug|Mixed Platforms.ActiveCfg = Debug|Any CPU
		{4EF6274C-0157-40A3-ABCA-A30DD0EC49EC}.Debug|Mixed Platforms.Build.0 = Debug|Any CPU
		{4EF6274C-0157-40A3-ABCA-A30DD0EC49EC}.Debug|x64.ActiveCfg = Debug|Any CPU
		{4EF6274C-0157-40A3-ABCA-A30DD0EC49EC}.Debug|x86.ActiveCfg = Debug|Any CPU
		{4EF6274C-0157-40A3-ABCA-A30DD0EC49EC}.Release|Any CPU.ActiveCfg = Release|Any CPU
		{4EF6274C-0157-40A3-ABCA-A30DD0EC49EC}.Release|Any CPU.Build.0 = Release|Any CPU
		{4EF6274C-0157-40A3-ABCA-A30DD0EC49EC}.Release|Mixed Platforms.ActiveCfg = Release|Any CPU
		{4EF6274C-0157-40A3-ABCA-A30DD0EC49EC}.Release|Mixed Platforms.Build.0 = Release|Any CPU
		{4EF6274C-0157-40A3-ABCA-A30DD0EC49EC}.Release|x64.ActiveCfg = Release|Any CPU
		{4EF6274C-0157-40A3-ABCA-A30DD0EC49EC}.Release|x86.ActiveCfg = Release|Any CPU
		{4EF6274C-0157-40A3-ABCA-A30DD0EC49EC}.voronoi|Any CPU.ActiveCfg = Release|Any CPU
		{4EF6274C-0157-40A3-ABCA-A30DD0EC49EC}.voronoi|Any CPU.Build.0 = Release|Any CPU
		{4EF6274C-0157-40A3-ABCA-A30DD0EC49EC}.voronoi|Mixed Platforms.ActiveCfg = Release|Any CPU
		{4EF6274C-0157-40A3-ABCA-A30DD0EC49EC}.voronoi|Mixed Platforms.Build.0 = Release|Any CPU
		{4EF6274C-0157-40A3-ABCA-A30DD0EC49EC}.voronoi|x64.ActiveCfg = Release|Any CPU
		{4EF6274C-0157-40A3-ABCA-A30DD0EC49EC}.voronoi|x86.ActiveCfg = Release|Any CPU
		{18FEDA0C-D147-4286-B39A-01204808106A}.Debug|Any CPU.ActiveCfg = Debug|Any CPU
		{18FEDA0C-D147-4286-B39A-01204808106A}.Debug|Any CPU.Build.0 = Debug|Any CPU
		{18FEDA0C-D147-4286-B39A-01204808106A}.Debug|Mixed Platforms.ActiveCfg = Debug|Any CPU
		{18FEDA0C-D147-4286-B39A-01204808106A}.Debug|Mixed Platforms.Build.0 = Debug|Any CPU
		{18FEDA0C-D147-4286-B39A-01204808106A}.Debug|x64.ActiveCfg = Debug|Any CPU
		{18FEDA0C-D147-4286-B39A-01204808106A}.Debug|x86.ActiveCfg = Debug|Any CPU
		{18FEDA0C-D147-4286-B39A-01204808106A}.Release|Any CPU.ActiveCfg = Release|Any CPU
		{18FEDA0C-D147-4286-B39A-01204808106A}.Release|Any CPU.Build.0 = Release|Any CPU
		{18FEDA0C-D147-4286-B39A-01204808106A}.Release|Mixed Platforms.ActiveCfg = Release|Any CPU
		{18FEDA0C-D147-4286-B39A-01204808106A}.Release|Mixed Platforms.Build.0 = Release|Any CPU
		{18FEDA0C-D147-4286-B39A-01204808106A}.Release|x64.ActiveCfg = Release|Any CPU
		{18FEDA0C-D147-4286-B39A-01204808106A}.Release|x86.ActiveCfg = Release|Any CPU
		{18FEDA0C-D147-4286-B39A-01204808106A}.voronoi|Any CPU.ActiveCfg = Release|Any CPU
		{18FEDA0C-D147-4286-B39A-01204808106A}.voronoi|Any CPU.Build.0 = Release|Any CPU
		{18FEDA0C-D147-4286-B39A-01204808106A}.voronoi|Mixed Platforms.ActiveCfg = Release|Any CPU
		{18FEDA0C-D147-4286-B39A-01204808106A}.voronoi|Mixed Platforms.Build.0 = Release|Any CPU
		{18FEDA0C-D147-4286-B39A-01204808106A}.voronoi|x64.ActiveCfg = Release|Any CPU
		{18FEDA0C-D147-4286-B39A-01204808106A}.voronoi|x86.ActiveCfg = Release|Any CPU
		{26C5F25F-B450-4CAF-AD8B-B8D11AE73457}.Debug|Any CPU.ActiveCfg = Debug|Any CPU
		{26C5F25F-B450-4CAF-AD8B-B8D11AE73457}.Debug|Any CPU.Build.0 = Debug|Any CPU
		{26C5F25F-B450-4CAF-AD8B-B8D11AE73457}.Debug|Mixed Platforms.ActiveCfg = Debug|Any CPU
		{26C5F25F-B450-4CAF-AD8B-B8D11AE73457}.Debug|Mixed Platforms.Build.0 = Debug|Any CPU
		{26C5F25F-B450-4CAF-AD8B-B8D11AE73457}.Debug|x64.ActiveCfg = Debug|Any CPU
		{26C5F25F-B450-4CAF-AD8B-B8D11AE73457}.Debug|x86.ActiveCfg = Debug|Any CPU
		{26C5F25F-B450-4CAF-AD8B-B8D11AE73457}.Release|Any CPU.ActiveCfg = Release|Any CPU
		{26C5F25F-B450-4CAF-AD8B-B8D11AE73457}.Release|Any CPU.Build.0 = Release|Any CPU
		{26C5F25F-B450-4CAF-AD8B-B8D11AE73457}.Release|Mixed Platforms.ActiveCfg = Release|Any CPU
		{26C5F25F-B450-4CAF-AD8B-B8D11AE73457}.Release|Mixed Platforms.Build.0 = Release|Any CPU
		{26C5F25F-B450-4CAF-AD8B-B8D11AE73457}.Release|x64.ActiveCfg = Release|Any CPU
		{26C5F25F-B450-4CAF-AD8B-B8D11AE73457}.Release|x86.ActiveCfg = Release|Any CPU
		{26C5F25F-B450-4CAF-AD8B-B8D11AE73457}.voronoi|Any CPU.ActiveCfg = Release|Any CPU
		{26C5F25F-B450-4CAF-AD8B-B8D11AE73457}.voronoi|Any CPU.Build.0 = Release|Any CPU
		{26C5F25F-B450-4CAF-AD8B-B8D11AE73457}.voronoi|Mixed Platforms.ActiveCfg = Release|Any CPU
		{26C5F25F-B450-4CAF-AD8B-B8D11AE73457}.voronoi|Mixed Platforms.Build.0 = Release|Any CPU
		{26C5F25F-B450-4CAF-AD8B-B8D11AE73457}.voronoi|x64.ActiveCfg = Release|Any CPU
		{26C5F25F-B450-4CAF-AD8B-B8D11AE73457}.voronoi|x86.ActiveCfg = Release|Any CPU
	EndGlobalSection
	GlobalSection(SolutionProperties) = preSolution
		HideSolutionNode = FALSE
	EndGlobalSection
EndGlobal
